{
    "hash": "886cb39a323dc43346a831b650807e41",
    "packages": [
        {
            "name": "Respect/Validation",
            "version": "dev-develop",
            "source": {
                "type": "git",
                "url": "https://github.com/Respect/Validation.git",
                "reference": "06224c04369eec63777da2ce9acf4afee6b92a5d"
            },
            "dist": {
                "type": "zip",
                "url": "https://api.github.com/repos/Respect/Validation/zipball/06224c04369eec63777da2ce9acf4afee6b92a5d",
                "reference": "06224c04369eec63777da2ce9acf4afee6b92a5d",
                "shasum": ""
            },
            "require-dev": {
                "symfony/validator": "2.*",
                "zendframework/zend-validator": "2.*"
            },
            "type": "library",
            "autoload": {
                "psr-0": {
                    "Respect\\Validation": "library/"
                }
            },
            "notification-url": "http://packagist.org/downloads/",
            "license": [
                "BSD Style"
            ],
            "authors": [
                {
                    "name": "Henrique Moody",
                    "email": "henriquemoody@gmail.com",
                    "homepage": "http://henriquemoody.com/"
                },
                {
                    "name": "Alexandre Gaigalas",
                    "email": "alexandre@gaigalas.net"
                },
                {
                    "name": "Carlos André Ferrari",
                    "email": "caferrari@gmail.com"
                },
                {
                    "name": "Devin Torres",
                    "email": "devin@devintorres.com"
                },
                {
                    "name": "Emerson Carvalho",
                    "email": "emerson.broga@gmail.com"
                },
                {
                    "name": "Fábio da Silva Ribeiro",
                    "email": "fabiorphp@gmail.com"
                },
                {
                    "name": "Jair Henrique",
                    "email": "jair.henrique@gmail.com"
                },
                {
                    "name": "Jayson Reis",
                    "email": "santosdosreis@gmail.com"
                },
                {
                    "name": "Jean Pimentel",
                    "email": "jeanfap@gmail.com"
                },
                {
                    "name": "Kleber Hamada Sato",
                    "email": "kleberhs007@yahoo.com"
                },
                {
                    "name": "Leandro",
                    "email": "lleitep3@gmail.com"
                },
                {
                    "name": "Marcelo Araujo",
                    "email": "msaraujo@php.net"
                },
                {
                    "name": "Michael Klishin",
                    "email": "michaelklishin@me.com"
                },
                {
                    "name": "Morf",
                    "email": "i@morfi.ru"
                },
                {
                    "name": "Rogerio Prado de Jesus",
                    "email": "rogeriopradoj@gmail.com"
                },
                {
                    "name": "Torben Brodt",
                    "email": "t.brodt@gmail.com"
                },
                {
                    "name": "Kinn Coelho Julião",
                    "email": "kinncj@gmail.com",
                    "homepage": "http://kinncj.com.br",
                    "role": "Developer"
                },
                {
                    "name": "Augusto Pascutti",
                    "email": "augusto@phpsp.org.br"
                }
            ],
            "description": "The most awesome validation engine ever created for PHP",
            "time": "2013-02-26 00:46:46"
        },
        {
            "name": "jamie/idiorm",
            "version": "1.0.0",
            "dist": {
                "type": "zip",
                "url": "https://github.com/j4mie/idiorm/zipball/master",
                "reference": null,
                "shasum": null
            },
            "type": "library"
        },
        {
            "name": "jamie/paris",
            "version": "1.0.0",
            "dist": {
                "type": "zip",
                "url": "https://github.com/j4mie/paris/zipball/master",
                "reference": null,
                "shasum": null
            },
            "type": "library"
        },
        {
            "name": "rmccue/requests",
            "version": "dev-master",
            "source": {
                "type": "git",
                "url": "https://github.com/rmccue/Requests.git",
                "reference": "b84798066e9e448de24e18193c436e2652b91087"
            },
            "dist": {
                "type": "zip",
                "url": "https://api.github.com/repos/rmccue/Requests/zipball/b84798066e9e448de24e18193c436e2652b91087",
                "reference": "b84798066e9e448de24e18193c436e2652b91087",
                "shasum": ""
            },
            "require": {
                "php": ">=5.2"
            },
            "type": "library",
            "autoload": {
                "psr-0": {
                    "Requests": "library/"
                }
            },
            "notification-url": "http://packagist.org/downloads/",
            "license": [
                "ISC"
            ],
            "authors": [
                {
                    "name": "Ryan McCue",
                    "homepage": "http://ryanmccue.info"
                }
            ],
            "description": "A HTTP library written in PHP, for human beings.",
            "homepage": "http://github.com/rmccue/Requests",
            "keywords": [
                "curl",
                "fsockopen",
                "http",
                "idna",
                "ipv6",
                "iri",
                "sockets"
            ],
            "time": "2013-02-14 02:20:35"
        },
        {
            "name": "slim/extras",
            "version": "dev-develop",
            "target-dir": "Slim/Extras",
            "source": {
                "type": "git",
                "url": "https://github.com/codeguy/Slim-Extras.git",
                "reference": "83615926d0500dd8805907d8b778c9fe61970572"
            },
            "dist": {
                "type": "zip",
                "url": "https://api.github.com/repos/codeguy/Slim-Extras/zipball/83615926d0500dd8805907d8b778c9fe61970572",
                "reference": "83615926d0500dd8805907d8b778c9fe61970572",
                "shasum": ""
            },
            "require": {
                "php": ">=5.3.0",
                "slim/slim": ">=2.0.0"
            },
            "type": "library",
            "autoload": {
                "psr-0": {
                    "Twig_Extensions_": "Views/Extension/",
                    "Slim\\Extras": "."
                }
            },
            "notification-url": "http://packagist.org/downloads/",
            "license": [
                "MIT"
            ],
            "authors": [
                {
                    "name": "Andrew Smith",
                    "email": "a.smith@silentworks.co.uk",
                    "homepage": "http://www.silentworks.co.uk/"
                },
                {
                    "name": "Josh Lockhart",
                    "email": "info@joshlockhart.com",
                    "homepage": "http://www.joshlockhart.com/"
                }
            ],
            "description": "Extras package for the Slim Framework",
            "homepage": "http://github.com/codeguy/Slim-Extras",
            "keywords": [
                "extensions",
                "middleware",
                "templating"
            ],
            "time": "2013-02-28 23:49:02"
        },
        {
            "name": "slim/slim",
            "version": "2.2.0",
            "source": {
                "type": "git",
                "url": "https://github.com/codeguy/Slim",
                "reference": "2.2.0"
            },
            "dist": {
                "type": "zip",
                "url": "https://github.com/codeguy/Slim/archive/2.2.0.zip",
                "reference": "2.2.0",
                "shasum": ""
            },
            "require": {
                "php": ">=5.3.0"
            },
            "type": "library",
            "autoload": {
                "psr-0": {
                    "Slim": "."
                }
            },
            "notification-url": "http://packagist.org/downloads/",
            "license": [
                "MIT"
            ],
            "authors": [
                {
                    "name": "Josh Lockhart",
                    "email": "info@joshlockhart.com",
                    "homepage": "http://www.joshlockhart.com/"
                }
            ],
            "description": "Slim Framework, a PHP micro framework",
            "homepage": "http://github.com/codeguy/Slim",
            "keywords": [
                "microframework",
                "rest",
                "router"
            ],
            "time": "2012-12-13 02:15:50"
        },
        {
            "name": "slim/strong",
            "version": "dev-master",
            "source": {
                "type": "git",
                "url": "https://github.com/silentworks/Strong.git",
                "reference": "1af2dc2f49f14521bda280a3b91c8fef54f67fc0"
            },
            "dist": {
                "type": "zip",
                "url": "https://api.github.com/repos/silentworks/Strong/zipball/1af2dc2f49f14521bda280a3b91c8fef54f67fc0",
                "reference": "1af2dc2f49f14521bda280a3b91c8fef54f67fc0",
                "shasum": ""
            },
            "require": {
                "php": ">=5.3.0"
            },
            "type": "library",
            "autoload": {
                "psr-0": {
                    "Strong": "src/"
                }
            },
            "notification-url": "http://packagist.org/downloads/",
            "license": [
                "MIT"
            ],
            "authors": [
                {
                    "name": "Andrew Smith",
                    "email": "a.smith@silentworks.co.uk",
                    "homepage": "http://www.silentworks.co.uk/"
                },
                {
                    "name": "Jakub Westfalewski",
                    "email": "jwest@jwest.pl",
                    "homepage": "http://jwest.pl/"
                }
            ],
            "description": "Authentication Library with multiple drivers",
            "homepage": "http://github.com/silentworks/Strong",
            "keywords": [
                "Authentication",
                "extensions"
            ],
            "time": "2012-12-31 10:57:13"
        },
        {
            "name": "twig/twig",
            "version": "v1.8.3",
            "source": {
                "type": "git",
                "url": "git://github.com/fabpot/Twig.git",
                "reference": "v1.8.3"
            },
            "dist": {
                "type": "zip",
                "url": "https://github.com/fabpot/Twig/zipball/v1.8.3",
                "reference": "v1.8.3",
                "shasum": ""
            },
            "require": {
                "php": ">=5.2.4"
            },
            "type": "library",
            "extra": {
                "branch-alias": {
                    "dev-master": "1.8-dev"
                }
            },
            "autoload": {
                "psr-0": {
                    "Twig_": "lib/"
                }
            },
            "notification-url": "http://packagist.org/downloads/",
            "license": [
                "BSD-3"
            ],
            "authors": [
                {
                    "name": "Fabien Potencier",
                    "email": "fabien@symfony.com"
                },
                {
                    "name": "Armin Ronacher",
                    "email": "armin.ronacher@active-4.com"
                }
            ],
            "description": "Twig, the flexible, fast, and secure template language for PHP",
            "homepage": "http://twig.sensiolabs.org",
            "keywords": [
                "templating"
            ],
            "time": "2012-06-17 11:48:16"
        }
    ],
    "packages-dev": null,
    "aliases": [

    ],
    "minimum-stability": "dev",
    "stability-flags": {
        "slim/extras": 20,
        "slim/strong": 20,
        "respect/validation": 20
    }
}
