{
    "_readme": [
        "This file locks the dependencies of your project to a known state",
        "Read more about it at http://getcomposer.org/doc/01-basic-usage.md#composer-lock-the-lock-file"
    ],
    "hash": "4339a55e25882457a71a6c86c3193ac1",
    "packages": [
        {
            "name": "j4mie/idiorm",
            "version": "v1.4.0",
            "source": {
                "type": "git",
                "url": "https://github.com/j4mie/idiorm.git",
                "reference": "3be516b440734811b58bb9d0b458a4109b49af71"
            },
            "dist": {
                "type": "zip",
                "url": "https://api.github.com/repos/j4mie/idiorm/zipball/3be516b440734811b58bb9d0b458a4109b49af71",
                "reference": "3be516b440734811b58bb9d0b458a4109b49af71",
                "shasum": ""
            },
            "require": {
                "php": ">=5.2.0"
            },
            "type": "library",
            "autoload": {
                "classmap": [
                    "idiorm.php"
                ]
            },
            "notification-url": "https://packagist.org/downloads/",
            "license": [
                "BSD-2-Clause",
                "BSD-3-Clause",
                "BSD-4-Clause"
            ],
            "authors": [
                {
                    "name": "Simon Holywell",
                    "email": "treffynnon@php.net",
                    "homepage": "http://simonholywell.com",
                    "role": "Maintainer"
                },
                {
                    "name": "Jamie Matthews",
                    "email": "jamie.matthews@gmail.com",
                    "homepage": "http://j4mie.org",
                    "role": "Developer"
                },
                {
                    "name": "Durham Hale",
                    "email": "me@durhamhale.com",
                    "homepage": "http://durhamhale.com",
                    "role": "Maintainer"
                }
            ],
            "description": "A lightweight nearly-zero-configuration object-relational mapper and fluent query builder for PHP5",
            "homepage": "http://j4mie.github.com/idiormandparis",
            "keywords": [
                "idiorm",
                "orm",
                "query builder"
            ],
            "time": "2013-09-05 09:01:18"
        },
        {
            "name": "j4mie/paris",
            "version": "dev-master",
            "source": {
                "type": "git",
                "url": "https://github.com/j4mie/paris.git",
                "reference": "b60d0857d10dec757427b336c427c1f13b6a5e48"
            },
            "dist": {
                "type": "zip",
                "url": "https://api.github.com/repos/j4mie/paris/zipball/b60d0857d10dec757427b336c427c1f13b6a5e48",
                "reference": "b60d0857d10dec757427b336c427c1f13b6a5e48",
                "shasum": ""
            },
            "require": {
                "j4mie/idiorm": "1.4.*",
                "php": ">=5.2.0"
            },
            "type": "library",
            "autoload": {
                "classmap": [
                    "paris.php"
                ]
            },
            "notification-url": "https://packagist.org/downloads/",
            "license": [
                "BSD-2-Clause",
                "BSD-3-Clause",
                "BSD-4-Clause"
            ],
            "authors": [
                {
                    "name": "Simon Holywell",
                    "email": "treffynnon@php.net",
                    "homepage": "http://simonholywell.com",
                    "role": "Maintainer"
                },
                {
                    "name": "Jamie Matthews",
                    "email": "jamie.matthews@gmail.com",
                    "homepage": "http://j4mie.org",
                    "role": "Developer"
                },
                {
                    "name": "Durham Hale",
                    "email": "me@durhamhale.com",
                    "homepage": "http://durhamhale.com",
                    "role": "Maintainer"
                }
            ],
            "description": "A lightweight Active Record implementation for PHP5, built on top of Idiorm",
            "homepage": "http://j4mie.github.com/idiormandparis",
            "keywords": [
                "Active Record",
                "model",
                "orm",
                "paris"
            ],
            "time": "2013-09-05 11:19:15"
        },
        {
            "name": "phpoffice/phpexcel",
            "version": "dev-master",
            "source": {
                "type": "git",
                "url": "https://github.com/PHPOffice/PHPExcel.git",
                "reference": "7a7634fba664249a04fc771df677a9b9f755d7ec"
            },
            "dist": {
                "type": "zip",
                "url": "https://api.github.com/repos/PHPOffice/PHPExcel/zipball/7a7634fba664249a04fc771df677a9b9f755d7ec",
                "reference": "7a7634fba664249a04fc771df677a9b9f755d7ec",
                "shasum": ""
            },
            "require": {
                "ext-xml": "*",
                "php": ">=5.2.0"
            },
            "type": "library",
            "autoload": {
                "psr-0": {
                    "PHPExcel": "Classes/"
                }
            },
            "notification-url": "https://packagist.org/downloads/",
            "license": [
                "LGPL"
            ],
            "authors": [
                {
                    "name": "Maarten Balliauw",
                    "homepage": "http://blog.maartenballiauw.be"
                },
                {
                    "name": "Mark Baker"
                },
                {
                    "name": "Franck Lefevre",
                    "homepage": "http://blog.rootslabs.net"
                },
                {
                    "name": "Erik Tilt"
                }
            ],
            "description": "PHPExcel - OpenXML - Read, Create and Write Spreadsheet documents in PHP - Spreadsheet engine",
            "homepage": "http://phpexcel.codeplex.com",
            "keywords": [
                "OpenXML",
                "excel",
                "php",
                "spreadsheet",
                "xls",
                "xlsx"
            ],
            "time": "2013-05-24 11:57:42"
        },
        {
            "name": "respect/validation",
            "version": "dev-develop",
            "source": {
                "type": "git",
                "url": "https://github.com/Respect/Validation.git",
                "reference": "7002c641ac3f8ad68a1635901b4929f835e7bf78"
            },
            "dist": {
                "type": "zip",
                "url": "https://api.github.com/repos/Respect/Validation/zipball/7002c641ac3f8ad68a1635901b4929f835e7bf78",
                "reference": "7002c641ac3f8ad68a1635901b4929f835e7bf78",
                "shasum": ""
            },
            "require-dev": {
                "symfony/validator": "2.*",
                "zendframework/zend-validator": "2.*"
            },
            "suggest": {
                "ext-bcmath": "*",
                "ext-mbstring": "*"
            },
            "type": "library",
            "autoload": {
                "psr-0": {
                    "Respect\\Validation": "library/"
                }
            },
            "notification-url": "https://packagist.org/downloads/",
            "license": [
                "BSD Style"
            ],
            "authors": [
                {
                    "name": "Henrique Moody",
                    "email": "henriquemoody@gmail.com",
                    "homepage": "http://henriquemoody.com/"
                },
                {
                    "name": "Alexandre Gaigalas",
                    "email": "alexandre@gaigalas.net"
                },
                {
                    "name": "Carlos André Ferrari",
                    "email": "caferrari@gmail.com",
                    "homepage": "http://ferrari.eti.br/"
                },
                {
                    "name": "Devin Torres",
                    "email": "devin@devintorres.com"
                },
                {
                    "name": "Emerson Carvalho",
                    "email": "emerson.broga@gmail.com"
                },
                {
                    "name": "Fábio da Silva Ribeiro",
                    "email": "fabiorphp@gmail.com"
                },
                {
                    "name": "Jair Henrique",
                    "email": "jair.henrique@gmail.com"
                },
                {
                    "name": "Jayson Reis",
                    "email": "santosdosreis@gmail.com"
                },
                {
                    "name": "Jean Pimentel",
                    "email": "jeanfap@gmail.com"
                },
                {
                    "name": "Kleber Hamada Sato",
                    "email": "kleberhs007@yahoo.com"
                },
                {
                    "name": "Leandro",
                    "email": "lleitep3@gmail.com"
                },
                {
                    "name": "Marcelo Araujo",
                    "email": "msaraujo@php.net"
                },
                {
                    "name": "Michael Klishin",
                    "email": "michaelklishin@me.com"
                },
                {
                    "name": "Morf",
                    "email": "i@morfi.ru"
                },
                {
                    "name": "Rogerio Prado de Jesus",
                    "email": "rogeriopradoj@gmail.com"
                },
                {
                    "name": "Torben Brodt",
                    "email": "t.brodt@gmail.com"
                },
                {
                    "name": "Kinn Coelho Julião",
                    "email": "kinncj@gmail.com",
                    "homepage": "http://kinncj.com.br",
                    "role": "Developer"
                },
                {
                    "name": "Augusto Pascutti",
                    "email": "augusto@phpsp.org.br"
                }
            ],
            "description": "The most awesome validation engine ever created for PHP",
            "time": "2013-09-23 00:55:30"
        },
        {
            "name": "rmccue/requests",
            "version": "dev-master",
            "source": {
                "type": "git",
                "url": "https://github.com/rmccue/Requests.git",
                "reference": "756374edd59ac69268ed35481a506ebd4e732525"
            },
            "dist": {
                "type": "zip",
                "url": "https://api.github.com/repos/rmccue/Requests/zipball/756374edd59ac69268ed35481a506ebd4e732525",
                "reference": "756374edd59ac69268ed35481a506ebd4e732525",
                "shasum": ""
            },
            "require": {
                "php": ">=5.2"
            },
            "require-dev": {
                "satooshi/php-coveralls": "dev-master"
            },
            "type": "library",
            "autoload": {
                "psr-0": {
                    "Requests": "library/"
                }
            },
            "notification-url": "https://packagist.org/downloads/",
            "license": [
                "ISC"
            ],
            "authors": [
                {
                    "name": "Ryan McCue",
                    "homepage": "http://ryanmccue.info"
                }
            ],
            "description": "A HTTP library written in PHP, for human beings.",
            "homepage": "http://github.com/rmccue/Requests",
            "keywords": [
                "curl",
                "fsockopen",
                "http",
                "idna",
                "ipv6",
                "iri",
                "sockets"
            ],
            "time": "2013-10-06 13:30:32"
        },
        {
            "name": "slim/extras",
            "version": "dev-develop",
            "target-dir": "Slim/Extras",
            "source": {
                "type": "git",
                "url": "https://github.com/codeguy/Slim-Extras.git",
                "reference": "5bceb3658f77a2b237f5b70ac02a0834fed871f9"
            },
            "dist": {
                "type": "zip",
                "url": "https://api.github.com/repos/codeguy/Slim-Extras/zipball/5bceb3658f77a2b237f5b70ac02a0834fed871f9",
                "reference": "5bceb3658f77a2b237f5b70ac02a0834fed871f9",
                "shasum": ""
            },
            "require": {
                "php": ">=5.3.0",
                "slim/slim": ">=2.0.0"
            },
            "type": "library",
            "autoload": {
                "psr-0": {
                    "Twig_Extensions_": "Views/Extension/",
                    "Slim\\Extras": "."
                }
            },
            "notification-url": "https://packagist.org/downloads/",
            "license": [
                "MIT"
            ],
            "authors": [
                {
                    "name": "Andrew Smith",
                    "email": "a.smith@silentworks.co.uk",
                    "homepage": "http://www.silentworks.co.uk/"
                },
                {
                    "name": "Josh Lockhart",
                    "email": "info@joshlockhart.com",
                    "homepage": "http://www.joshlockhart.com/"
                }
            ],
            "description": "Extras package for the Slim Framework",
            "homepage": "http://github.com/codeguy/Slim-Extras",
            "keywords": [
                "extensions",
                "middleware",
                "templating"
            ],
            "time": "2013-05-24 13:41:59"
        },
        {
            "name": "slim/slim",
            "version": "2.2.0",
            "source": {
                "type": "git",
                "url": "https://github.com/codeguy/Slim.git",
                "reference": "b8181de1112a1e2f565b40158b621c34ded38053"
            },
            "dist": {
                "type": "zip",
                "url": "https://api.github.com/repos/codeguy/Slim/zipball/b8181de1112a1e2f565b40158b621c34ded38053",
                "reference": "b8181de1112a1e2f565b40158b621c34ded38053",
                "shasum": ""
            },
            "require": {
                "php": ">=5.3.0"
            },
            "type": "library",
            "autoload": {
                "psr-0": {
                    "Slim": "."
                }
            },
            "notification-url": "https://packagist.org/downloads/",
            "license": [
                "MIT"
            ],
            "authors": [
                {
                    "name": "Josh Lockhart",
                    "email": "info@joshlockhart.com",
                    "homepage": "http://www.joshlockhart.com/"
                }
            ],
            "description": "Slim Framework, a PHP micro framework",
            "homepage": "http://github.com/codeguy/Slim",
            "keywords": [
                "microframework",
                "rest",
                "router"
            ],
            "time": "2012-12-13 02:15:50"
        },
        {
            "name": "slim/strong",
            "version": "dev-master",
            "source": {
                "type": "git",
                "url": "https://github.com/silentworks/Strong.git",
                "reference": "1af2dc2f49f14521bda280a3b91c8fef54f67fc0"
            },
            "dist": {
                "type": "zip",
                "url": "https://api.github.com/repos/silentworks/Strong/zipball/1af2dc2f49f14521bda280a3b91c8fef54f67fc0",
                "reference": "1af2dc2f49f14521bda280a3b91c8fef54f67fc0",
                "shasum": ""
            },
            "require": {
                "php": ">=5.3.0"
            },
            "type": "library",
            "autoload": {
                "psr-0": {
                    "Strong": "src/"
                }
            },
            "notification-url": "https://packagist.org/downloads/",
            "license": [
                "MIT"
            ],
            "authors": [
                {
                    "name": "Andrew Smith",
                    "email": "a.smith@silentworks.co.uk",
                    "homepage": "http://www.silentworks.co.uk/"
                },
                {
                    "name": "Jakub Westfalewski",
                    "email": "jwest@jwest.pl",
                    "homepage": "http://jwest.pl/"
                }
            ],
            "description": "Authentication Library with multiple drivers",
            "homepage": "http://github.com/silentworks/Strong",
            "keywords": [
                "Authentication",
                "extensions"
            ],
            "time": "2012-12-31 10:57:13"
        },
        {
            "name": "twig/twig",
            "version": "dev-master",
            "source": {
                "type": "git",
                "url": "https://github.com/fabpot/Twig.git",
                "reference": "cab9fd9a100e74aafa201a03ca31aeeb4097c9bc"
            },
            "dist": {
                "type": "zip",
                "url": "https://api.github.com/repos/fabpot/Twig/zipball/cab9fd9a100e74aafa201a03ca31aeeb4097c9bc",
                "reference": "cab9fd9a100e74aafa201a03ca31aeeb4097c9bc",
                "shasum": ""
            },
            "require": {
                "php": ">=5.2.4"
            },
            "type": "library",
            "extra": {
                "branch-alias": {
                    "dev-master": "1.15-dev"
                }
            },
            "autoload": {
                "psr-0": {
                    "Twig_": "lib/"
                }
            },
            "notification-url": "https://packagist.org/downloads/",
            "license": [
                "BSD-3-Clause"
            ],
            "authors": [
                {
                    "name": "Fabien Potencier",
                    "email": "fabien@symfony.com"
                },
                {
                    "name": "Armin Ronacher",
                    "email": "armin.ronacher@active-4.com"
                }
            ],
            "description": "Twig, the flexible, fast, and secure template language for PHP",
            "homepage": "http://twig.sensiolabs.org",
            "keywords": [
                "templating"
            ],
            "time": "2013-11-24 18:36:20"
        }
    ],
    "packages-dev": [

    ],
    "aliases": [

    ],
    "minimum-stability": "dev",
    "stability-flags": {
        "slim/extras": 20,
        "slim/strong": 20,
        "twig/twig": 20,
        "respect/validation": 20
    },
    "platform": [

    ],
    "platform-dev": [

    ]
}
